// !$*UTF8*$!
{
	archiveVersion = 1;
	classes = {
	};
	objectVersion = 46;
	objects = {

/* Begin PBXBuildFile section */
		AC14CD1219FAA3B4009200F7 /* mergesort_handler.c in Sources */ = {isa = PBXBuildFile; fileRef = AC14CD1119FAA3B4009200F7 /* mergesort_handler.c */; };
		AC14CD1A19FAA423009200F7 /* mergesort.c in Sources */ = {isa = PBXBuildFile; fileRef = AC14CD1819FAA423009200F7 /* mergesort.c */; };
		AC14CD1E19FAC28B009200F7 /* index_mergesort.c in Sources */ = {isa = PBXBuildFile; fileRef = AC14CD1C19FAC28B009200F7 /* index_mergesort.c */; };
		AC4B721C19FAC43B00B96B4C /* main.c in Sources */ = {isa = PBXBuildFile; fileRef = AC4B721B19FAC43B00B96B4C /* main.c */; };
		AC4B721F19FAC4FF00B96B4C /* index_mergesort_handler.c in Sources */ = {isa = PBXBuildFile; fileRef = AC4B721D19FAC4FF00B96B4C /* index_mergesort_handler.c */; };
		ACFF876019FD064E00B41F2C /* camino_matriz.c in Sources */ = {isa = PBXBuildFile; fileRef = ACFF875E19FD064E00B41F2C /* camino_matriz.c */; };
		ACFF876319FD066A00B41F2C /* camino_matriz_handler.c in Sources */ = {isa = PBXBuildFile; fileRef = ACFF876119FD066A00B41F2C /* camino_matriz_handler.c */; };
/* End PBXBuildFile section */

/* Begin PBXCopyFilesBuildPhase section */
		AC14CD0C19FAA3B4009200F7 /* CopyFiles */ = {
			isa = PBXCopyFilesBuildPhase;
			buildActionMask = 2147483647;
			dstPath = /usr/share/man/man1/;
			dstSubfolderSpec = 0;
			files = (
			);
			runOnlyForDeploymentPostprocessing = 1;
		};
/* End PBXCopyFilesBuildPhase section */

/* Begin PBXFileReference section */
		AC14CD0E19FAA3B4009200F7 /* Algoritmos */ = {isa = PBXFileReference; explicitFileType = "compiled.mach-o.executable"; includeInIndex = 0; path = Algoritmos; sourceTree = BUILT_PRODUCTS_DIR; };
		AC14CD1119FAA3B4009200F7 /* mergesort_handler.c */ = {isa = PBXFileReference; lastKnownFileType = sourcecode.c.c; path = mergesort_handler.c; sourceTree = "<group>"; };
		AC14CD1819FAA423009200F7 /* mergesort.c */ = {isa = PBXFileReference; fileEncoding = 4; lastKnownFileType = sourcecode.c.c; path = mergesort.c; sourceTree = "<group>"; };
		AC14CD1919FAA423009200F7 /* mergesort.h */ = {isa = PBXFileReference; fileEncoding = 4; lastKnownFileType = sourcecode.c.h; path = mergesort.h; sourceTree = "<group>"; };
		AC14CD1C19FAC28B009200F7 /* index_mergesort.c */ = {isa = PBXFileReference; fileEncoding = 4; lastKnownFileType = sourcecode.c.c; name = index_mergesort.c; path = "mergesort por indices/index_mergesort.c"; sourceTree = "<group>"; };
		AC14CD1D19FAC28B009200F7 /* index_mergesort.h */ = {isa = PBXFileReference; fileEncoding = 4; lastKnownFileType = sourcecode.c.h; name = index_mergesort.h; path = "mergesort por indices/index_mergesort.h"; sourceTree = "<group>"; };
		AC4B721B19FAC43B00B96B4C /* main.c */ = {isa = PBXFileReference; fileEncoding = 4; lastKnownFileType = sourcecode.c.c; path = main.c; sourceTree = "<group>"; };
		AC4B721D19FAC4FF00B96B4C /* index_mergesort_handler.c */ = {isa = PBXFileReference; fileEncoding = 4; lastKnownFileType = sourcecode.c.c; name = index_mergesort_handler.c; path = "mergesort por indices/index_mergesort_handler.c"; sourceTree = "<group>"; };
		AC4B721E19FAC4FF00B96B4C /* index_mergesort_handler.h */ = {isa = PBXFileReference; fileEncoding = 4; lastKnownFileType = sourcecode.c.h; name = index_mergesort_handler.h; path = "mergesort por indices/index_mergesort_handler.h"; sourceTree = "<group>"; };
		AC4B722019FAC56900B96B4C /* mergesort_handler.h */ = {isa = PBXFileReference; lastKnownFileType = sourcecode.c.h; path = mergesort_handler.h; sourceTree = "<group>"; };
		ACFF875E19FD064E00B41F2C /* camino_matriz.c */ = {isa = PBXFileReference; fileEncoding = 4; lastKnownFileType = sourcecode.c.c; name = camino_matriz.c; path = "camino de la matriz/camino_matriz.c"; sourceTree = "<group>"; };
		ACFF875F19FD064E00B41F2C /* camino_matriz.h */ = {isa = PBXFileReference; fileEncoding = 4; lastKnownFileType = sourcecode.c.h; name = camino_matriz.h; path = "camino de la matriz/camino_matriz.h"; sourceTree = "<group>"; };
		ACFF876119FD066A00B41F2C /* camino_matriz_handler.c */ = {isa = PBXFileReference; fileEncoding = 4; lastKnownFileType = sourcecode.c.c; name = camino_matriz_handler.c; path = "camino de la matriz/camino_matriz_handler.c"; sourceTree = "<group>"; };
		ACFF876219FD066A00B41F2C /* camino_matriz_handler.h */ = {isa = PBXFileReference; fileEncoding = 4; lastKnownFileType = sourcecode.c.h; name = camino_matriz_handler.h; path = "camino de la matriz/camino_matriz_handler.h"; sourceTree = "<group>"; };
/* End PBXFileReference section */

/* Begin PBXFrameworksBuildPhase section */
		AC14CD0B19FAA3B4009200F7 /* Frameworks */ = {
			isa = PBXFrameworksBuildPhase;
			buildActionMask = 2147483647;
			files = (
			);
			runOnlyForDeploymentPostprocessing = 0;
		};
/* End PBXFrameworksBuildPhase section */

/* Begin PBXGroup section */
		AC14CD0519FAA3B4009200F7 = {
			isa = PBXGroup;
			children = (
				AC4B721B19FAC43B00B96B4C /* main.c */,
				AC14CD1B19FAC25B009200F7 /* mergesort por indices */,
				AC14CD1019FAA3B4009200F7 /* mergesort */,
				ACFF875D19FD061A00B41F2C /* camino de la matriz */,
				AC14CD0F19FAA3B4009200F7 /* Products */,
			);
			sourceTree = "<group>";
		};
		AC14CD0F19FAA3B4009200F7 /* Products */ = {
			isa = PBXGroup;
			children = (
				AC14CD0E19FAA3B4009200F7 /* Algoritmos */,
			);
			name = Products;
			sourceTree = "<group>";
		};
		AC14CD1019FAA3B4009200F7 /* mergesort */ = {
			isa = PBXGroup;
			children = (
				AC14CD1819FAA423009200F7 /* mergesort.c */,
				AC14CD1919FAA423009200F7 /* mergesort.h */,
				AC14CD1119FAA3B4009200F7 /* mergesort_handler.c */,
				AC4B722019FAC56900B96B4C /* mergesort_handler.h */,
			);
			path = mergesort;
			sourceTree = "<group>";
		};
		AC14CD1B19FAC25B009200F7 /* mergesort por indices */ = {
			isa = PBXGroup;
			children = (
				AC14CD1C19FAC28B009200F7 /* index_mergesort.c */,
				AC14CD1D19FAC28B009200F7 /* index_mergesort.h */,
				AC4B721D19FAC4FF00B96B4C /* index_mergesort_handler.c */,
				AC4B721E19FAC4FF00B96B4C /* index_mergesort_handler.h */,
			);
			name = "mergesort por indices";
			sourceTree = "<group>";
		};
		ACFF875D19FD061A00B41F2C /* camino de la matriz */ = {
			isa = PBXGroup;
			children = (
				ACFF875E19FD064E00B41F2C /* camino_matriz.c */,
				ACFF875F19FD064E00B41F2C /* camino_matriz.h */,
				ACFF876119FD066A00B41F2C /* camino_matriz_handler.c */,
				ACFF876219FD066A00B41F2C /* camino_matriz_handler.h */,
			);
			name = "camino de la matriz";
			sourceTree = "<group>";
		};
/* End PBXGroup section */

/* Begin PBXNativeTarget section */
		AC14CD0D19FAA3B4009200F7 /* Algoritmos */ = {
			isa = PBXNativeTarget;
			buildConfigurationList = AC14CD1519FAA3B4009200F7 /* Build configuration list for PBXNativeTarget "Algoritmos" */;
			buildPhases = (
				AC14CD0A19FAA3B4009200F7 /* Sources */,
				AC14CD0B19FAA3B4009200F7 /* Frameworks */,
				AC14CD0C19FAA3B4009200F7 /* CopyFiles */,
			);
			buildRules = (
			);
			dependencies = (
			);
			name = Algoritmos;
			productName = mergesort;
			productReference = AC14CD0E19FAA3B4009200F7 /* Algoritmos */;
			productType = "com.apple.product-type.tool";
		};
/* End PBXNativeTarget section */

/* Begin PBXProject section */
		AC14CD0619FAA3B4009200F7 /* Project object */ = {
			isa = PBXProject;
			attributes = {
				LastUpgradeCheck = 0610;
				ORGANIZATIONNAME = Mario;
				TargetAttributes = {
					AC14CD0D19FAA3B4009200F7 = {
						CreatedOnToolsVersion = 6.1;
					};
				};
			};
			buildConfigurationList = AC14CD0919FAA3B4009200F7 /* Build configuration list for PBXProject "Algoritmos" */;
			compatibilityVersion = "Xcode 3.2";
			developmentRegion = English;
			hasScannedForEncodings = 0;
			knownRegions = (
				en,
			);
			mainGroup = AC14CD0519FAA3B4009200F7;
			productRefGroup = AC14CD0F19FAA3B4009200F7 /* Products */;
			projectDirPath = "";
			projectRoot = "";
			targets = (
				AC14CD0D19FAA3B4009200F7 /* Algoritmos */,
			);
		};
/* End PBXProject section */

/* Begin PBXSourcesBuildPhase section */
		AC14CD0A19FAA3B4009200F7 /* Sources */ = {
			isa = PBXSourcesBuildPhase;
			buildActionMask = 2147483647;
			files = (
				AC4B721F19FAC4FF00B96B4C /* index_mergesort_handler.c in Sources */,
				AC4B721C19FAC43B00B96B4C /* main.c in Sources */,
				ACFF876319FD066A00B41F2C /* camino_matriz_handler.c in Sources */,
				AC14CD1A19FAA423009200F7 /* mergesort.c in Sources */,
				ACFF876019FD064E00B41F2C /* camino_matriz.c in Sources */,
				AC14CD1219FAA3B4009200F7 /* mergesort_handler.c in Sources */,
				AC14CD1E19FAC28B009200F7 /* index_mergesort.c in Sources */,
			);
			runOnlyForDeploymentPostprocessing = 0;
		};
/* End PBXSourcesBuildPhase section */

/* Begin XCBuildConfiguration section */
		AC14CD1319FAA3B4009200F7 /* Debug */ = {
			isa = XCBuildConfiguration;
			buildSettings = {
				ALWAYS_SEARCH_USER_PATHS = NO;
				CLANG_CXX_LANGUAGE_STANDARD = "gnu++0x";
				CLANG_CXX_LIBRARY = "libc++";
				CLANG_ENABLE_MODULES = YES;
				CLANG_ENABLE_OBJC_ARC = YES;
				CLANG_WARN_BOOL_CONVERSION = YES;
				CLANG_WARN_CONSTANT_CONVERSION = YES;
				CLANG_WARN_DIRECT_OBJC_ISA_USAGE = YES_ERROR;
				CLANG_WARN_EMPTY_BODY = YES;
				CLANG_WARN_ENUM_CONVERSION = YES;
				CLANG_WARN_INT_CONVERSION = YES;
				CLANG_WARN_OBJC_ROOT_CLASS = YES_ERROR;
				CLANG_WARN_UNREACHABLE_CODE = YES;
				CLANG_WARN__DUPLICATE_METHOD_MATCH = YES;
				COPY_PHASE_STRIP = NO;
				ENABLE_STRICT_OBJC_MSGSEND = YES;
				GCC_C_LANGUAGE_STANDARD = gnu99;
				GCC_DYNAMIC_NO_PIC = NO;
				GCC_OPTIMIZATION_LEVEL = 0;
				GCC_PREPROCESSOR_DEFINITIONS = (
					"DEBUG=1",
					"$(inherited)",
				);
				GCC_SYMBOLS_PRIVATE_EXTERN = NO;
				GCC_WARN_64_TO_32_BIT_CONVERSION = YES;
				GCC_WARN_ABOUT_RETURN_TYPE = YES_ERROR;
				GCC_WARN_UNDECLARED_SELECTOR = YES;
				GCC_WARN_UNINITIALIZED_AUTOS = YES_AGGRESSIVE;
				GCC_WARN_UNUSED_FUNCTION = YES;
				GCC_WARN_UNUSED_VARIABLE = YES;
				MACOSX_DEPLOYMENT_TARGET = 10.10;
				MTL_ENABLE_DEBUG_INFO = YES;
				ONLY_ACTIVE_ARCH = YES;
				SDKROOT = macosx;
			};
			name = Debug;
		};
		AC14CD1419FAA3B4009200F7 /* Release */ = {
			isa = XCBuildConfiguration;
			buildSettings = {
				ALWAYS_SEARCH_USER_PATHS = NO;
				CLANG_CXX_LANGUAGE_STANDARD = "gnu++0x";
				CLANG_CXX_LIBRARY = "libc++";
				CLANG_ENABLE_MODULES = YES;
				CLANG_ENABLE_OBJC_ARC = YES;
				CLANG_WARN_BOOL_CONVERSION = YES;
				CLANG_WARN_CONSTANT_CONVERSION = YES;
				CLANG_WARN_DIRECT_OBJC_ISA_USAGE = YES_ERROR;
				CLANG_WARN_EMPTY_BODY = YES;
				CLANG_WARN_ENUM_CONVERSION = YES;
				CLANG_WARN_INT_CONVERSION = YES;
				CLANG_WARN_OBJC_ROOT_CLASS = YES_ERROR;
				CLANG_WARN_UNREACHABLE_CODE = YES;
				CLANG_WARN__DUPLICATE_METHOD_MATCH = YES;
				COPY_PHASE_STRIP = YES;
				DEBUG_INFORMATION_FORMAT = "dwarf-with-dsym";
				ENABLE_NS_ASSERTIONS = NO;
				ENABLE_STRICT_OBJC_MSGSEND = YES;
				GCC_C_LANGUAGE_STANDARD = gnu99;
				GCC_WARN_64_TO_32_BIT_CONVERSION = YES;
				GCC_WARN_ABOUT_RETURN_TYPE = YES_ERROR;
				GCC_WARN_UNDECLARED_SELECTOR = YES;
				GCC_WARN_UNINITIALIZED_AUTOS = YES_AGGRESSIVE;
				GCC_WARN_UNUSED_FUNCTION = YES;
				GCC_WARN_UNUSED_VARIABLE = YES;
				MACOSX_DEPLOYMENT_TARGET = 10.10;
				MTL_ENABLE_DEBUG_INFO = NO;
				SDKROOT = macosx;
			};
			name = Release;
		};
		AC14CD1619FAA3B4009200F7 /* Debug */ = {
			isa = XCBuildConfiguration;
			buildSettings = {
				PRODUCT_NAME = Algoritmos;
			};
			name = Debug;
		};
		AC14CD1719FAA3B4009200F7 /* Release */ = {
			isa = XCBuildConfiguration;
			buildSettings = {
				PRODUCT_NAME = Algoritmos;
			};
			name = Release;
		};
/* End XCBuildConfiguration section */

/* Begin XCConfigurationList section */
		AC14CD0919FAA3B4009200F7 /* Build configuration list for PBXProject "Algoritmos" */ = {
			isa = XCConfigurationList;
			buildConfigurations = (
				AC14CD1319FAA3B4009200F7 /* Debug */,
				AC14CD1419FAA3B4009200F7 /* Release */,
			);
			defaultConfigurationIsVisible = 0;
			defaultConfigurationName = Release;
		};
		AC14CD1519FAA3B4009200F7 /* Build configuration list for PBXNativeTarget "Algoritmos" */ = {
			isa = XCConfigurationList;
			buildConfigurations = (
				AC14CD1619FAA3B4009200F7 /* Debug */,
				AC14CD1719FAA3B4009200F7 /* Release */,
			);
			defaultConfigurationIsVisible = 0;
			defaultConfigurationName = Release;
		};
/* End XCConfigurationList section */
	};
	rootObject = AC14CD0619FAA3B4009200F7 /* Project object */;
}
