// !$*UTF8*$!
{
	archiveVersion = 1;
	classes = {
	};
	objectVersion = 46;
	objects = {

/* Begin PBXBuildFile section */
		AC8E2BC01A220325001737CC /* main.cpp in Sources */ = {isa = PBXBuildFile; fileRef = AC8E2BBF1A220325001737CC /* main.cpp */; };
		AC8E2BC81A22033C001737CC /* transponer_matriz.cpp in Sources */ = {isa = PBXBuildFile; fileRef = AC8E2BC61A22033C001737CC /* transponer_matriz.cpp */; };
/* End PBXBuildFile section */

/* Begin PBXCopyFilesBuildPhase section */
		AC8E2BBA1A220324001737CC /* CopyFiles */ = {
			isa = PBXCopyFilesBuildPhase;
			buildActionMask = 2147483647;
			dstPath = /usr/share/man/man1/;
			dstSubfolderSpec = 0;
			files = (
			);
			runOnlyForDeploymentPostprocessing = 1;
		};
/* End PBXCopyFilesBuildPhase section */

/* Begin PBXFileReference section */
		AC8E2BBC1A220325001737CC /* transponer matriz */ = {isa = PBXFileReference; explicitFileType = "compiled.mach-o.executable"; includeInIndex = 0; path = "transponer matriz"; sourceTree = BUILT_PRODUCTS_DIR; };
		AC8E2BBF1A220325001737CC /* main.cpp */ = {isa = PBXFileReference; lastKnownFileType = sourcecode.cpp.cpp; path = main.cpp; sourceTree = "<group>"; };
		AC8E2BC61A22033C001737CC /* transponer_matriz.cpp */ = {isa = PBXFileReference; fileEncoding = 4; lastKnownFileType = sourcecode.cpp.cpp; path = transponer_matriz.cpp; sourceTree = "<group>"; };
		AC8E2BC71A22033C001737CC /* transponer_matriz.h */ = {isa = PBXFileReference; fileEncoding = 4; lastKnownFileType = sourcecode.c.h; path = transponer_matriz.h; sourceTree = "<group>"; };
/* End PBXFileReference section */

/* Begin PBXFrameworksBuildPhase section */
		AC8E2BB91A220324001737CC /* Frameworks */ = {
			isa = PBXFrameworksBuildPhase;
			buildActionMask = 2147483647;
			files = (
			);
			runOnlyForDeploymentPostprocessing = 0;
		};
/* End PBXFrameworksBuildPhase section */

/* Begin PBXGroup section */
		AC8E2BB31A220324001737CC = {
			isa = PBXGroup;
			children = (
				AC8E2BBE1A220325001737CC /* transponer matriz */,
				AC8E2BBD1A220325001737CC /* Products */,
			);
			sourceTree = "<group>";
		};
		AC8E2BBD1A220325001737CC /* Products */ = {
			isa = PBXGroup;
			children = (
				AC8E2BBC1A220325001737CC /* transponer matriz */,
			);
			name = Products;
			sourceTree = "<group>";
		};
		AC8E2BBE1A220325001737CC /* transponer matriz */ = {
			isa = PBXGroup;
			children = (
				AC8E2BBF1A220325001737CC /* main.cpp */,
				AC8E2BC61A22033C001737CC /* transponer_matriz.cpp */,
				AC8E2BC71A22033C001737CC /* transponer_matriz.h */,
			);
			path = "transponer matriz";
			sourceTree = "<group>";
		};
/* End PBXGroup section */

/* Begin PBXNativeTarget section */
		AC8E2BBB1A220324001737CC /* transponer matriz */ = {
			isa = PBXNativeTarget;
			buildConfigurationList = AC8E2BC31A220325001737CC /* Build configuration list for PBXNativeTarget "transponer matriz" */;
			buildPhases = (
				AC8E2BB81A220324001737CC /* Sources */,
				AC8E2BB91A220324001737CC /* Frameworks */,
				AC8E2BBA1A220324001737CC /* CopyFiles */,
			);
			buildRules = (
			);
			dependencies = (
			);
			name = "transponer matriz";
			productName = "transponer matriz";
			productReference = AC8E2BBC1A220325001737CC /* transponer matriz */;
			productType = "com.apple.product-type.tool";
		};
/* End PBXNativeTarget section */

/* Begin PBXProject section */
		AC8E2BB41A220324001737CC /* Project object */ = {
			isa = PBXProject;
			attributes = {
				LastUpgradeCheck = 0610;
				ORGANIZATIONNAME = Mario;
				TargetAttributes = {
					AC8E2BBB1A220324001737CC = {
						CreatedOnToolsVersion = 6.1;
					};
				};
			};
			buildConfigurationList = AC8E2BB71A220324001737CC /* Build configuration list for PBXProject "transponer matriz" */;
			compatibilityVersion = "Xcode 3.2";
			developmentRegion = English;
			hasScannedForEncodings = 0;
			knownRegions = (
				en,
			);
			mainGroup = AC8E2BB31A220324001737CC;
			productRefGroup = AC8E2BBD1A220325001737CC /* Products */;
			projectDirPath = "";
			projectRoot = "";
			targets = (
				AC8E2BBB1A220324001737CC /* transponer matriz */,
			);
		};
/* End PBXProject section */

/* Begin PBXSourcesBuildPhase section */
		AC8E2BB81A220324001737CC /* Sources */ = {
			isa = PBXSourcesBuildPhase;
			buildActionMask = 2147483647;
			files = (
				AC8E2BC81A22033C001737CC /* transponer_matriz.cpp in Sources */,
				AC8E2BC01A220325001737CC /* main.cpp in Sources */,
			);
			runOnlyForDeploymentPostprocessing = 0;
		};
/* End PBXSourcesBuildPhase section */

/* Begin XCBuildConfiguration section */
		AC8E2BC11A220325001737CC /* Debug */ = {
			isa = XCBuildConfiguration;
			buildSettings = {
				ALWAYS_SEARCH_USER_PATHS = NO;
				CLANG_CXX_LANGUAGE_STANDARD = "gnu++0x";
				CLANG_CXX_LIBRARY = "libc++";
				CLANG_ENABLE_MODULES = YES;
				CLANG_ENABLE_OBJC_ARC = YES;
				CLANG_WARN_BOOL_CONVERSION = YES;
				CLANG_WARN_CONSTANT_CONVERSION = YES;
				CLANG_WARN_DIRECT_OBJC_ISA_USAGE = YES_ERROR;
				CLANG_WARN_EMPTY_BODY = YES;
				CLANG_WARN_ENUM_CONVERSION = YES;
				CLANG_WARN_INT_CONVERSION = YES;
				CLANG_WARN_OBJC_ROOT_CLASS = YES_ERROR;
				CLANG_WARN_UNREACHABLE_CODE = YES;
				CLANG_WARN__DUPLICATE_METHOD_MATCH = YES;
				COPY_PHASE_STRIP = NO;
				ENABLE_STRICT_OBJC_MSGSEND = YES;
				GCC_C_LANGUAGE_STANDARD = gnu99;
				GCC_DYNAMIC_NO_PIC = NO;
				GCC_OPTIMIZATION_LEVEL = 0;
				GCC_PREPROCESSOR_DEFINITIONS = (
					"DEBUG=1",
					"$(inherited)",
				);
				GCC_SYMBOLS_PRIVATE_EXTERN = NO;
				GCC_WARN_64_TO_32_BIT_CONVERSION = YES;
				GCC_WARN_ABOUT_RETURN_TYPE = YES_ERROR;
				GCC_WARN_UNDECLARED_SELECTOR = YES;
				GCC_WARN_UNINITIALIZED_AUTOS = YES_AGGRESSIVE;
				GCC_WARN_UNUSED_FUNCTION = YES;
				GCC_WARN_UNUSED_VARIABLE = YES;
				MACOSX_DEPLOYMENT_TARGET = 10.10;
				MTL_ENABLE_DEBUG_INFO = YES;
				ONLY_ACTIVE_ARCH = YES;
				SDKROOT = macosx;
			};
			name = Debug;
		};
		AC8E2BC21A220325001737CC /* Release */ = {
			isa = XCBuildConfiguration;
			buildSettings = {
				ALWAYS_SEARCH_USER_PATHS = NO;
				CLANG_CXX_LANGUAGE_STANDARD = "gnu++0x";
				CLANG_CXX_LIBRARY = "libc++";
				CLANG_ENABLE_MODULES = YES;
				CLANG_ENABLE_OBJC_ARC = YES;
				CLANG_WARN_BOOL_CONVERSION = YES;
				CLANG_WARN_CONSTANT_CONVERSION = YES;
				CLANG_WARN_DIRECT_OBJC_ISA_USAGE = YES_ERROR;
				CLANG_WARN_EMPTY_BODY = YES;
				CLANG_WARN_ENUM_CONVERSION = YES;
				CLANG_WARN_INT_CONVERSION = YES;
				CLANG_WARN_OBJC_ROOT_CLASS = YES_ERROR;
				CLANG_WARN_UNREACHABLE_CODE = YES;
				CLANG_WARN__DUPLICATE_METHOD_MATCH = YES;
				COPY_PHASE_STRIP = YES;
				DEBUG_INFORMATION_FORMAT = "dwarf-with-dsym";
				ENABLE_NS_ASSERTIONS = NO;
				ENABLE_STRICT_OBJC_MSGSEND = YES;
				GCC_C_LANGUAGE_STANDARD = gnu99;
				GCC_WARN_64_TO_32_BIT_CONVERSION = YES;
				GCC_WARN_ABOUT_RETURN_TYPE = YES_ERROR;
				GCC_WARN_UNDECLARED_SELECTOR = YES;
				GCC_WARN_UNINITIALIZED_AUTOS = YES_AGGRESSIVE;
				GCC_WARN_UNUSED_FUNCTION = YES;
				GCC_WARN_UNUSED_VARIABLE = YES;
				MACOSX_DEPLOYMENT_TARGET = 10.10;
				MTL_ENABLE_DEBUG_INFO = NO;
				SDKROOT = macosx;
			};
			name = Release;
		};
		AC8E2BC41A220325001737CC /* Debug */ = {
			isa = XCBuildConfiguration;
			buildSettings = {
				PRODUCT_NAME = "$(TARGET_NAME)";
			};
			name = Debug;
		};
		AC8E2BC51A220325001737CC /* Release */ = {
			isa = XCBuildConfiguration;
			buildSettings = {
				PRODUCT_NAME = "$(TARGET_NAME)";
			};
			name = Release;
		};
/* End XCBuildConfiguration section */

/* Begin XCConfigurationList section */
		AC8E2BB71A220324001737CC /* Build configuration list for PBXProject "transponer matriz" */ = {
			isa = XCConfigurationList;
			buildConfigurations = (
				AC8E2BC11A220325001737CC /* Debug */,
				AC8E2BC21A220325001737CC /* Release */,
			);
			defaultConfigurationIsVisible = 0;
			defaultConfigurationName = Release;
		};
		AC8E2BC31A220325001737CC /* Build configuration list for PBXNativeTarget "transponer matriz" */ = {
			isa = XCConfigurationList;
			buildConfigurations = (
				AC8E2BC41A220325001737CC /* Debug */,
				AC8E2BC51A220325001737CC /* Release */,
			);
			defaultConfigurationIsVisible = 0;
		};
/* End XCConfigurationList section */
	};
	rootObject = AC8E2BB41A220324001737CC /* Project object */;
}
